
Microsoft Visual Studio Solution File, Format Version 12.00
# Visual Studio Version 16
VisualStudioVersion = 16.0.30907.101
MinimumVisualStudioVersion = 10.0.40219.1
Project("{888888A0-9F3D-457C-B088-3A5042F75D52}") = "MyFirstPython", "MyFirstPython.pyproj", "{E9BF7303-408E-460C-BFCC-8C66AFD67CAA}"
EndProject
Global
	GlobalSection(SolutionConfigurationPlatforms) = preSolution
		Debug|Any CPU = Debug|Any CPU
		Release|Any CPU = Release|Any CPU
	EndGlobalSection
	GlobalSection(ProjectConfigurationPlatforms) = postSolution
		{E9BF7303-408E-460C-BFCC-8C66AFD67CAA}.Debug|Any CPU.ActiveCfg = Debug|Any CPU
		{E9BF7303-408E-460C-BFCC-8C66AFD67CAA}.Release|Any CPU.ActiveCfg = Release|Any CPU
	EndGlobalSection
	GlobalSection(SolutionProperties) = preSolution
		HideSolutionNode = FALSE
	EndGlobalSection
	GlobalSection(ExtensibilityGlobals) = postSolution
		SolutionGuid = {642E8E0B-FC79-43CD-87D7-5FAD304B02DF}
	EndGlobalSection
EndGlobal
